{
  "name": "game-launcher",
  "version": "1.0.0",
  "lockfileVersion": 2,
  "requires": true,
  "packages": {
    "": {
      "version": "1.0.0",
      "license": "GPL-2.0-only",
      "dependencies": {
        "command": "^0.0.5",
        "csv-parse": "^4.16.0",
        "vdf-parser": "^1.2.0"
      }
    },
    "node_modules/command": {
      "version": "0.0.5",
      "resolved": "https://registry.npmjs.org/command/-/command-0.0.5.tgz",
      "integrity": "sha1-ovmGpzaOJN4jdLSjkFQdLUjn7Lo=",
      "dependencies": {
        "merge-recursive": "0.0.3",
        "which": "1.0.5"
      }
    },
    "node_modules/csv-parse": {
      "version": "4.16.0",
      "resolved": "https://registry.npmjs.org/csv-parse/-/csv-parse-4.16.0.tgz",
      "integrity": "sha512-Zb4tGPANH4SW0LgC9+s9Mnequs9aqn7N3/pCqNbVjs2XhEF6yWNU2Vm4OGl1v2Go9nw8rXt87Cm2QN/o6Vpqgg=="
    },
    "node_modules/merge-recursive": {
      "version": "0.0.3",
      "resolved": "https://registry.npmjs.org/merge-recursive/-/merge-recursive-0.0.3.tgz",
      "integrity": "sha1-3nkB78rsyQbYyrKtHpxHD1o9roQ="
    },
    "node_modules/vdf-parser": {
      "version": "1.2.0",
      "resolved": "https://registry.npmjs.org/vdf-parser/-/vdf-parser-1.2.0.tgz",
      "integrity": "sha512-aPDNRtkNGo5gOcO7SrEkb01IOcvITIndJ5f9mFWs6j4VYaJ+SQMw37R3Wf0eyU0JjBsNYsjrn5LBGxE8r4oeBQ=="
    },
    "node_modules/which": {
      "version": "1.0.5",
      "resolved": "https://registry.npmjs.org/which/-/which-1.0.5.tgz",
      "integrity": "sha1-VjDWgZ3aaS8UZEYueVbLQsCEJzk=",
      "bin": {
        "which": "bin/which"
      },
      "engines": {
        "node": "*"
      }
    }
  },
  "dependencies": {
    "command": {
      "version": "0.0.5",
      "resolved": "https://registry.npmjs.org/command/-/command-0.0.5.tgz",
      "integrity": "sha1-ovmGpzaOJN4jdLSjkFQdLUjn7Lo=",
      "requires": {
        "merge-recursive": "0.0.3",
        "which": "1.0.5"
      }
    },
    "csv-parse": {
      "version": "4.16.0",
      "resolved": "https://registry.npmjs.org/csv-parse/-/csv-parse-4.16.0.tgz",
      "integrity": "sha512-Zb4tGPANH4SW0LgC9+s9Mnequs9aqn7N3/pCqNbVjs2XhEF6yWNU2Vm4OGl1v2Go9nw8rXt87Cm2QN/o6Vpqgg=="
    },
    "merge-recursive": {
      "version": "0.0.3",
      "resolved": "https://registry.npmjs.org/merge-recursive/-/merge-recursive-0.0.3.tgz",
      "integrity": "sha1-3nkB78rsyQbYyrKtHpxHD1o9roQ="
    },
    "vdf-parser": {
      "version": "1.2.0",
      "resolved": "https://registry.npmjs.org/vdf-parser/-/vdf-parser-1.2.0.tgz",
      "integrity": "sha512-aPDNRtkNGo5gOcO7SrEkb01IOcvITIndJ5f9mFWs6j4VYaJ+SQMw37R3Wf0eyU0JjBsNYsjrn5LBGxE8r4oeBQ=="
    },
    "which": {
      "version": "1.0.5",
      "resolved": "https://registry.npmjs.org/which/-/which-1.0.5.tgz",
      "integrity": "sha1-VjDWgZ3aaS8UZEYueVbLQsCEJzk="
    }
  }
}
