{
  "name": "game-launcher",
  "version": "1.0.0",
  "lockfileVersion": 2,
  "requires": true,
  "packages": {
    "": {
      "version": "1.0.0",
      "license": "GPL-2.0-only",
      "dependencies": {
        "command": "^0.0.5",
        "csv-parse": "^4.16.0",
        "readdir-enhanced": "^6.0.4",
        "vdf-parser": "^1.2.0"
      }
    },
    "node_modules/@jsdevtools/file-path-filter": {
      "version": "3.0.2",
      "resolved": "https://registry.npmjs.org/@jsdevtools/file-path-filter/-/file-path-filter-3.0.2.tgz",
      "integrity": "sha512-+SbZG6stIE/nRF2PpRnubtuzhh4pouDsk/hEWwM5mKsSKlFfr4ziAE5VMogGG/K++i9NHbUTxxW0y4vdM678ew==",
      "dependencies": {
        "glob-to-regexp": "^0.4.1"
      },
      "engines": {
        "node": ">=10"
      }
    },
    "node_modules/@jsdevtools/readdir-enhanced": {
      "version": "6.0.4",
      "resolved": "https://registry.npmjs.org/@jsdevtools/readdir-enhanced/-/readdir-enhanced-6.0.4.tgz",
      "integrity": "sha512-I6D6Omu6C7XWHzvlVbXeCS0FSxYYQ13XzdrFuo1K30unnRSpdt9AxY2KyJZbYJyfI2uNNidqDkG9/K/y699AjA==",
      "dependencies": {
        "@jsdevtools/file-path-filter": "^3.0.2"
      },
      "engines": {
        "node": ">=10"
      }
    },
    "node_modules/command": {
      "version": "0.0.5",
      "resolved": "https://registry.npmjs.org/command/-/command-0.0.5.tgz",
      "integrity": "sha1-ovmGpzaOJN4jdLSjkFQdLUjn7Lo=",
      "dependencies": {
        "merge-recursive": "0.0.3",
        "which": "1.0.5"
      }
    },
    "node_modules/csv-parse": {
      "version": "4.16.0",
      "resolved": "https://registry.npmjs.org/csv-parse/-/csv-parse-4.16.0.tgz",
      "integrity": "sha512-Zb4tGPANH4SW0LgC9+s9Mnequs9aqn7N3/pCqNbVjs2XhEF6yWNU2Vm4OGl1v2Go9nw8rXt87Cm2QN/o6Vpqgg=="
    },
    "node_modules/glob-to-regexp": {
      "version": "0.4.1",
      "resolved": "https://registry.npmjs.org/glob-to-regexp/-/glob-to-regexp-0.4.1.tgz",
      "integrity": "sha512-lkX1HJXwyMcprw/5YUZc2s7DrpAiHB21/V+E1rHUrVNokkvB6bqMzT0VfV6/86ZNabt1k14YOIaT7nDvOX3Iiw=="
    },
    "node_modules/merge-recursive": {
      "version": "0.0.3",
      "resolved": "https://registry.npmjs.org/merge-recursive/-/merge-recursive-0.0.3.tgz",
      "integrity": "sha1-3nkB78rsyQbYyrKtHpxHD1o9roQ="
    },
    "node_modules/readdir-enhanced": {
      "version": "6.0.4",
      "resolved": "https://registry.npmjs.org/readdir-enhanced/-/readdir-enhanced-6.0.4.tgz",
      "integrity": "sha512-MWY048D/nEpHwqdnsBiUxpqjJPkEw2i2RmY5gM2Gadn0rkHS/DhUBqrYTkOqKHF4RoUlYZZ8GnP4ymlRGuo30A==",
      "dependencies": {
        "@jsdevtools/readdir-enhanced": "6.0.4"
      },
      "engines": {
        "node": ">=10"
      }
    },
    "node_modules/vdf-parser": {
      "version": "1.2.0",
      "resolved": "https://registry.npmjs.org/vdf-parser/-/vdf-parser-1.2.0.tgz",
      "integrity": "sha512-aPDNRtkNGo5gOcO7SrEkb01IOcvITIndJ5f9mFWs6j4VYaJ+SQMw37R3Wf0eyU0JjBsNYsjrn5LBGxE8r4oeBQ=="
    },
    "node_modules/which": {
      "version": "1.0.5",
      "resolved": "https://registry.npmjs.org/which/-/which-1.0.5.tgz",
      "integrity": "sha1-VjDWgZ3aaS8UZEYueVbLQsCEJzk=",
      "bin": {
        "which": "bin/which"
      },
      "engines": {
        "node": "*"
      }
    }
  },
  "dependencies": {
    "@jsdevtools/file-path-filter": {
      "version": "3.0.2",
      "resolved": "https://registry.npmjs.org/@jsdevtools/file-path-filter/-/file-path-filter-3.0.2.tgz",
      "integrity": "sha512-+SbZG6stIE/nRF2PpRnubtuzhh4pouDsk/hEWwM5mKsSKlFfr4ziAE5VMogGG/K++i9NHbUTxxW0y4vdM678ew==",
      "requires": {
        "glob-to-regexp": "^0.4.1"
      }
    },
    "@jsdevtools/readdir-enhanced": {
      "version": "6.0.4",
      "resolved": "https://registry.npmjs.org/@jsdevtools/readdir-enhanced/-/readdir-enhanced-6.0.4.tgz",
      "integrity": "sha512-I6D6Omu6C7XWHzvlVbXeCS0FSxYYQ13XzdrFuo1K30unnRSpdt9AxY2KyJZbYJyfI2uNNidqDkG9/K/y699AjA==",
      "requires": {
        "@jsdevtools/file-path-filter": "^3.0.2"
      }
    },
    "command": {
      "version": "0.0.5",
      "resolved": "https://registry.npmjs.org/command/-/command-0.0.5.tgz",
      "integrity": "sha1-ovmGpzaOJN4jdLSjkFQdLUjn7Lo=",
      "requires": {
        "merge-recursive": "0.0.3",
        "which": "1.0.5"
      }
    },
    "csv-parse": {
      "version": "4.16.0",
      "resolved": "https://registry.npmjs.org/csv-parse/-/csv-parse-4.16.0.tgz",
      "integrity": "sha512-Zb4tGPANH4SW0LgC9+s9Mnequs9aqn7N3/pCqNbVjs2XhEF6yWNU2Vm4OGl1v2Go9nw8rXt87Cm2QN/o6Vpqgg=="
    },
    "glob-to-regexp": {
      "version": "0.4.1",
      "resolved": "https://registry.npmjs.org/glob-to-regexp/-/glob-to-regexp-0.4.1.tgz",
      "integrity": "sha512-lkX1HJXwyMcprw/5YUZc2s7DrpAiHB21/V+E1rHUrVNokkvB6bqMzT0VfV6/86ZNabt1k14YOIaT7nDvOX3Iiw=="
    },
    "merge-recursive": {
      "version": "0.0.3",
      "resolved": "https://registry.npmjs.org/merge-recursive/-/merge-recursive-0.0.3.tgz",
      "integrity": "sha1-3nkB78rsyQbYyrKtHpxHD1o9roQ="
    },
    "readdir-enhanced": {
      "version": "6.0.4",
      "resolved": "https://registry.npmjs.org/readdir-enhanced/-/readdir-enhanced-6.0.4.tgz",
      "integrity": "sha512-MWY048D/nEpHwqdnsBiUxpqjJPkEw2i2RmY5gM2Gadn0rkHS/DhUBqrYTkOqKHF4RoUlYZZ8GnP4ymlRGuo30A==",
      "requires": {
        "@jsdevtools/readdir-enhanced": "6.0.4"
      }
    },
    "vdf-parser": {
      "version": "1.2.0",
      "resolved": "https://registry.npmjs.org/vdf-parser/-/vdf-parser-1.2.0.tgz",
      "integrity": "sha512-aPDNRtkNGo5gOcO7SrEkb01IOcvITIndJ5f9mFWs6j4VYaJ+SQMw37R3Wf0eyU0JjBsNYsjrn5LBGxE8r4oeBQ=="
    },
    "which": {
      "version": "1.0.5",
      "resolved": "https://registry.npmjs.org/which/-/which-1.0.5.tgz",
      "integrity": "sha1-VjDWgZ3aaS8UZEYueVbLQsCEJzk="
    }
  }
}
